
Microsoft Visual Studio Solution File, Format Version 12.00
# Visual Studio Version 17
VisualStudioVersion = 17.11.35222.181
MinimumVisualStudioVersion = 10.0.40219.1
Project("{FAE04EC0-301F-11D3-BF4B-00C04F79EFBC}") = "Group_Project_Chat_app", "Group_Project_Chat_app.csproj", "{CF01336A-45CC-4C2D-B37F-28C4DF4E67B3}"
EndProject
Global
	GlobalSection(SolutionConfigurationPlatforms) = preSolution
		Debug|Any CPU = Debug|Any CPU
		Release|Any CPU = Release|Any CPU
	EndGlobalSection
	GlobalSection(ProjectConfigurationPlatforms) = postSolution
		{CF01336A-45CC-4C2D-B37F-28C4DF4E67B3}.Debug|Any CPU.ActiveCfg = Debug|Any CPU
		{CF01336A-45CC-4C2D-B37F-28C4DF4E67B3}.Debug|Any CPU.Build.0 = Debug|Any CPU
		{CF01336A-45CC-4C2D-B37F-28C4DF4E67B3}.Release|Any CPU.ActiveCfg = Release|Any CPU
		{CF01336A-45CC-4C2D-B37F-28C4DF4E67B3}.Release|Any CPU.Build.0 = Release|Any CPU
	EndGlobalSection
	GlobalSection(SolutionProperties) = preSolution
		HideSolutionNode = FALSE
	EndGlobalSection
	GlobalSection(ExtensibilityGlobals) = postSolution
		SolutionGuid = {F0E90BF0-7B94-4843-9D45-3FCFFFE15E67}
	EndGlobalSection
EndGlobal
